Microsoft Visual Studio Solution File, Format Version 12.00
# Visual Studio 15
VisualStudioVersion = 15.0.28307.106
MinimumVisualStudioVersion = 10.0.40219.1
Project("{9A19103F-16F7-4668-BE54-9A1E7A4F7556}") = "FTOptix_100_User_Management_PLC", "FTOptix_100_User_Management_PLC.csproj", "{CCB6007F-22D0-92B0-35B3-CEF0D5AE3FEF}"
EndProject
Global
    GlobalSection(SolutionConfigurationPlatforms) = preSolution
        Debug|Any CPU = Debug|Any CPU
        Release|Any CPU = Release|Any CPU
    EndGlobalSection
    GlobalSection(ProjectConfigurationPlatforms) = postSolution
        {CCB6007F-22D0-92B0-35B3-CEF0D5AE3FEF}.Debug|Any CPU.ActiveCfg = Debug|Any CPU
        {CCB6007F-22D0-92B0-35B3-CEF0D5AE3FEF}.Debug|Any CPU.Build.0 = Debug|Any CPU
        {CCB6007F-22D0-92B0-35B3-CEF0D5AE3FEF}.Release|Any CPU.ActiveCfg = Release|Any CPU
        {CCB6007F-22D0-92B0-35B3-CEF0D5AE3FEF}.Release|Any CPU.Build.0 = Release|Any CPU
    EndGlobalSection
    GlobalSection(SolutionProperties) = preSolution
        HideSolutionNode = FALSE
    EndGlobalSection
EndGlobal
